
Microsoft Visual Studio Solution File, Format Version 12.00
# Visual Studio Version 17
VisualStudioVersion = 17.14.37328.6 d17.14
MinimumVisualStudioVersion = 10.0.40219.1
Project("{FAE04EC0-301F-11D3-BF4B-00C04F79EFBC}") = "UrlShortener", "src\API\UrlShortener\UrlShortener.csproj", "{C8E5A451-9D60-249F-8591-998FC987AAD2}"
EndProject
Global
	GlobalSection(SolutionConfigurationPlatforms) = preSolution
		Debug|Any CPU = Debug|Any CPU
		Release|Any CPU = Release|Any CPU
	EndGlobalSection
	GlobalSection(ProjectConfigurationPlatforms) = postSolution
		{C8E5A451-9D60-249F-8591-998FC987AAD2}.Debug|Any CPU.ActiveCfg = Debug|Any CPU
		{C8E5A451-9D60-249F-8591-998FC987AAD2}.Debug|Any CPU.Build.0 = Debug|Any CPU
		{C8E5A451-9D60-249F-8591-998FC987AAD2}.Release|Any CPU.ActiveCfg = Release|Any CPU
		{C8E5A451-9D60-249F-8591-998FC987AAD2}.Release|Any CPU.Build.0 = Release|Any CPU
	EndGlobalSection
	GlobalSection(SolutionProperties) = preSolution
		HideSolutionNode = FALSE
	EndGlobalSection
	GlobalSection(ExtensibilityGlobals) = postSolution
		SolutionGuid = {FB3F474A-5F5F-4B89-A4CA-8181FE1CCAAF}
	EndGlobalSection
EndGlobal
